{
  "version": 4,
  "terraform_version": "1.5.7",
  "serial": 1,
  "lineage": "9235ab9b-eef2-b55b-e229-343a829b26be",
  "outputs": {},
  "resources": [
    {
      "module": "module.custom_rt[\"custom_rt\"]",
      "mode": "managed",
      "type": "oci_core_route_table",
      "name": "blank_route_table",
      "provider": "provider[\"registry.terraform.io/hashicorp/oci\"]",
      "instances": [
        {
          "schema_version": 0,
          "attributes": {
            "compartment_id": "ocid1.compartment.oc1..aaaaaaaaj4e3h7p6275tepleox454hv7lzidoi3gt5y6e5vcsp6sd6havjfq",
            "defined_tags": {
              "Oracle-Tags.CreatedBy": "default/murtazaanis17@gmail.com",
              "Oracle-Tags.CreatedOn": "2026-07-25T12:43:11.878Z",
              "apple_tag.app_owner": "murtaza",
              "apple_tag.env": "dev"
            },
            "display_name": "apple_pvtsubnet_rt",
            "freeform_tags": {},
            "id": "ocid1.routetable.oc1.eu-frankfurt-1.aaaaaaaagrjrjqbyxlfjil5cmedgv4wvshsams5jrevuy5tmopklecyokamq",
            "route_rules": [],
            "state": "AVAILABLE",
            "time_created": "2026-07-25 12:43:11.887 +0000 UTC",
            "timeouts": null,
            "vcn_id": "ocid1.vcn.oc1.eu-frankfurt-1.amaaaaaabjoaylqakv3mji7faesclaucd62mn4oilzgvrbfdi4kmhnz7ftbq"
          },
          "sensitive_attributes": [],
          "private": "eyJlMmJmYjczMC1lY2FhLTExZTYtOGY4OC0zNDM2M2JjN2M0YzAiOnsiY3JlYXRlIjoxMjAwMDAwMDAwMDAwLCJkZWxldGUiOjEyMDAwMDAwMDAwMDAsInVwZGF0ZSI6MTIwMDAwMDAwMDAwMH19"
        }
      ]
    }
  ],
  "check_results": null
}
