{
  "version": 4,
  "terraform_version": "1.5.7",
  "serial": 1,
  "lineage": "5d25f555-7177-8982-263a-45146fe2f38f",
  "outputs": {},
  "resources": [
    {
      "module": "module.app_compartment",
      "mode": "managed",
      "type": "oci_identity_compartment",
      "name": "App_compartment",
      "provider": "module.app_compartment.provider[\"registry.terraform.io/hashicorp/oci\"]",
      "instances": [
        {
          "schema_version": 0,
          "attributes": {
            "compartment_id": "ocid1.compartment.oc1..aaaaaaaaesjenp6r3scm3i6yomuqj5toufdeelkcddch7aaz263qxjcgkzdq",
            "defined_tags": {
              "Oracle-Tags.CreatedBy": "default/murtazaanis17@gmail.com",
              "Oracle-Tags.CreatedOn": "2026-07-03T10:39:03.921Z"
            },
            "description": "This is the app compartment",
            "enable_delete": true,
            "freeform_tags": {},
            "id": "ocid1.compartment.oc1..aaaaaaaagmueu64omuweamjz4chtiyordis2fv77at2ywg52hg3mxrqpyjfa",
            "inactive_state": null,
            "is_accessible": true,
            "name": "Apple",
            "state": "ACTIVE",
            "time_created": "2026-07-03 10:39:04.037 +0000 UTC",
            "timeouts": null
          },
          "sensitive_attributes": [],
          "private": "eyJlMmJmYjczMC1lY2FhLTExZTYtOGY4OC0zNDM2M2JjN2M0YzAiOnsiZGVsZXRlIjo1NDAwMDAwMDAwMDAwfX0="
        }
      ]
    }
  ],
  "check_results": null
}
