{
  "version": 4,
  "terraform_version": "1.5.7",
  "serial": 3,
  "lineage": "001300f2-bbf9-c8f0-eac5-ec7e228257b6",
  "outputs": {},
  "resources": [
    {
      "module": "module.test_instance",
      "mode": "managed",
      "type": "oci_core_instance",
      "name": "generated_oci_core_instance",
      "provider": "module.test_instance.provider[\"registry.terraform.io/hashicorp/oci\"]",
      "instances": [
        {
          "schema_version": 0,
          "attributes": {
            "agent_config": [
              {
                "are_all_plugins_disabled": false,
                "is_management_disabled": false,
                "is_monitoring_disabled": false,
                "plugins_config": [
                  {
                    "desired_state": "DISABLED",
                    "name": "WebLogic Management Service"
                  },
                  {
                    "desired_state": "DISABLED",
                    "name": "Vulnerability Scanning"
                  },
                  {
                    "desired_state": "DISABLED",
                    "name": "Oracle Java Management Service"
                  },
                  {
                    "desired_state": "DISABLED",
                    "name": "OS Management Hub Agent"
                  },
                  {
                    "desired_state": "DISABLED",
                    "name": "Management Agent"
                  },
                  {
                    "desired_state": "DISABLED",
                    "name": "Fleet Application Management Service"
                  },
                  {
                    "desired_state": "ENABLED",
                    "name": "Custom Logs Monitoring"
                  },
                  {
                    "desired_state": "DISABLED",
                    "name": "Compute RDMA GPU Monitoring"
                  },
                  {
                    "desired_state": "ENABLED",
                    "name": "Compute Instance Run Command"
                  },
                  {
                    "desired_state": "ENABLED",
                    "name": "Compute Instance Monitoring"
                  },
                  {
                    "desired_state": "DISABLED",
                    "name": "Compute HPC RDMA Auto-Configuration"
                  },
                  {
                    "desired_state": "DISABLED",
                    "name": "Compute HPC RDMA Authentication"
                  },
                  {
                    "desired_state": "ENABLED",
                    "name": "Cloud Guard Workload Protection"
                  },
                  {
                    "desired_state": "DISABLED",
                    "name": "Block Volume Management"
                  },
                  {
                    "desired_state": "DISABLED",
                    "name": "Bastion"
                  }
                ]
              }
            ],
            "async": null,
            "availability_config": [
              {
                "is_live_migration_preferred": false,
                "recovery_action": "RESTORE_INSTANCE"
              }
            ],
            "availability_domain": "Xmsk:EU-FRANKFURT-1-AD-1",
            "boot_volume_id": "ocid1.bootvolume.oc1.eu-frankfurt-1.abtheljrdyowd55lycjk7bmfclo2qnfmyem2x5hf7s3joqolkttsignpnysq",
            "capacity_reservation_id": null,
            "cluster_placement_group_id": null,
            "compartment_id": "ocid1.compartment.oc1..aaaaaaaa2q2n6jom2v4slif34xzxu5gzplkrur6symtlrkhsmhznypbygxaa",
            "compute_cluster_id": null,
            "create_vnic_details": [
              {
                "assign_ipv6ip": false,
                "assign_private_dns_record": true,
                "assign_public_ip": "false",
                "defined_tags": {
                  "Oracle-Tags.CreatedBy": "default/murtazaanis17@gmail.com",
                  "Oracle-Tags.CreatedOn": "2026-07-01T09:30:02.073Z"
                },
                "display_name": "test_instance",
                "freeform_tags": {},
                "hostname_label": "test-instance",
                "ipv6address_ipv6subnet_cidr_pair_details": [],
                "nsg_ids": [],
                "private_ip": "10.0.0.168",
                "private_ip_id": "",
                "security_attributes": {},
                "skip_source_dest_check": false,
                "subnet_cidr": "",
                "subnet_id": "ocid1.subnet.oc1.eu-frankfurt-1.aaaaaaaahyqbq3gwit4epz73qfiohoh6qqfpkxbe34lzm7nxv45nyfujqdnq",
                "vlan_id": ""
              }
            ],
            "dedicated_vm_host_id": null,
            "defined_tags": {
              "Oracle-Tags.CreatedBy": "default/murtazaanis17@gmail.com",
              "Oracle-Tags.CreatedOn": "2026-07-01T09:30:01.961Z"
            },
            "display_name": "test_instance",
            "extended_metadata": {},
            "fault_domain": "FAULT-DOMAIN-2",
            "freeform_tags": {},
            "hostname_label": "test-instance",
            "id": "ocid1.instance.oc1.eu-frankfurt-1.antheljrbjoaylqchqzjwyzvtbdnwb55voopx7q6ujuds52uzrd2irc7seua",
            "image": "ocid1.image.oc1.eu-frankfurt-1.aaaaaaaaoiwaatpf6sjtuhyoupgloykq72wydgv2u36q6wqqjxke5vkwmyzq",
            "instance_configuration_id": null,
            "instance_options": [
              {
                "are_legacy_imds_endpoints_disabled": true
              }
            ],
            "ipxe_script": null,
            "is_ai_enterprise_enabled": null,
            "is_cross_numa_node": false,
            "is_pv_encryption_in_transit_enabled": true,
            "launch_mode": "PARAVIRTUALIZED",
            "launch_options": [
              {
                "boot_volume_type": "PARAVIRTUALIZED",
                "firmware": "UEFI_64",
                "is_consistent_volume_naming_enabled": true,
                "is_pv_encryption_in_transit_enabled": true,
                "network_type": "PARAVIRTUALIZED",
                "remote_data_volume_type": "PARAVIRTUALIZED"
              }
            ],
            "launch_volume_attachments": null,
            "licensing_configs": [],
            "metadata": {
              "ssh_authorized_keys": "ssh-rsa AAAAB3NzaC1yc2EAAAADAQABAAABAQC/EszHErm2Fx6ys/107cgwZNwFP5C0SPQvcyZR5JQRbOEzceFMXXTEJLJV86bHQ8u6cC+m+QC2/3nUQbVWj8Nc1lItrhRSg5BazmyEPPCPDt3kY2axL3AcrMbI6HJw91zmPSsN47fQKU1JVYGO4+WlyS1qi5eo0m9ey+0rhIP20g50ZWhEQMUo6oMVQPVYGMZa57pIwjN6EkodAB5ZeWSYsSpPrGCSH6OHgWWL2tuBwAiLCKnklyNVGgohMZ/ZFjK1MB+Z263UCxWfxY8RmIEvQuu9GY9okKZvkhMNpXbbRu1KOEZ0s3xRdmYuaJgRqq2Eu17RKQQKhkUD/AfNgool ssh-key-2026-04-22"
            },
            "placement_constraint_details": [],
            "platform_config": [
              {
                "are_virtual_instructions_enabled": false,
                "config_map": {},
                "is_access_control_service_enabled": false,
                "is_input_output_memory_management_unit_enabled": false,
                "is_measured_boot_enabled": false,
                "is_memory_encryption_enabled": false,
                "is_secure_boot_enabled": false,
                "is_symmetric_multi_threading_enabled": true,
                "is_trusted_platform_module_enabled": false,
                "numa_nodes_per_socket": "",
                "percentage_of_cores_enabled": 0,
                "type": "AMD_VM"
              }
            ],
            "preemptible_instance_config": [],
            "preserve_boot_volume": null,
            "preserve_data_volumes_created_at_launch": null,
            "private_ip": "10.0.0.168",
            "public_ip": "",
            "region": "eu-frankfurt-1",
            "security_attributes": {},
            "security_attributes_state": "STABLE",
            "shape": "VM.Standard.E5.Flex",
            "shape_config": [
              {
                "baseline_ocpu_utilization": "",
                "gpu_description": "",
                "gpus": 0,
                "local_disk_description": "",
                "local_disks": 0,
                "local_disks_total_size_in_gbs": 0,
                "max_vnic_attachments": 4,
                "memory_in_gbs": 24,
                "networking_bandwidth_in_gbps": 4,
                "nvmes": 0,
                "ocpus": 4,
                "processor_description": "2.3 GHz AMD EPYC™ 9J14 (Genoa)",
                "resource_management": "",
                "vcpus": 8
              }
            ],
            "source_details": [
              {
                "boot_volume_size_in_gbs": "50",
                "boot_volume_vpus_per_gb": "10",
                "instance_source_image_filter_details": [],
                "is_preserve_boot_volume_enabled": false,
                "kms_key_id": "",
                "source_id": "ocid1.image.oc1.eu-frankfurt-1.aaaaaaaaoiwaatpf6sjtuhyoupgloykq72wydgv2u36q6wqqjxke5vkwmyzq",
                "source_type": "image"
              }
            ],
            "state": "RUNNING",
            "subnet_id": "ocid1.subnet.oc1.eu-frankfurt-1.aaaaaaaahyqbq3gwit4epz73qfiohoh6qqfpkxbe34lzm7nxv45nyfujqdnq",
            "system_tags": {},
            "time_created": "2026-07-01 09:30:02.501 +0000 UTC",
            "time_maintenance_reboot_due": "",
            "timeouts": null,
            "update_operation_constraint": null
          },
          "sensitive_attributes": [],
          "private": "eyJlMmJmYjczMC1lY2FhLTExZTYtOGY4OC0zNDM2M2JjN2M0YzAiOnsiY3JlYXRlIjoyNzAwMDAwMDAwMDAwLCJkZWxldGUiOjQ1MDAwMDAwMDAwMDAsInVwZGF0ZSI6MjcwMDAwMDAwMDAwMH19"
        }
      ]
    }
  ],
  "check_results": null
}
