{
  "version": 4,
  "terraform_version": "1.5.7",
  "serial": 3,
  "lineage": "e2363b06-6d23-0e4b-ffaa-1a1b8b6e2d89",
  "outputs": {},
  "resources": [
    {
      "module": "module.service_compartment",
      "mode": "managed",
      "type": "oci_identity_compartment",
      "name": "App_compartment",
      "provider": "module.service_compartment.provider[\"registry.terraform.io/hashicorp/oci\"]",
      "instances": [
        {
          "schema_version": 0,
          "attributes": {
            "compartment_id": "ocid1.compartment.oc1..aaaaaaaagmueu64omuweamjz4chtiyordis2fv77at2ywg52hg3mxrqpyjfa",
            "defined_tags": {
              "Oracle-Tags.CreatedBy": "default/murtazaanis17@gmail.com",
              "Oracle-Tags.CreatedOn": "2026-07-04T14:40:24.251Z"
            },
            "description": "This compartment will be used for network related services",
            "enable_delete": true,
            "freeform_tags": {},
            "id": "ocid1.compartment.oc1..aaaaaaaaj4e3h7p6275tepleox454hv7lzidoi3gt5y6e5vcsp6sd6havjfq",
            "inactive_state": null,
            "is_accessible": true,
            "name": "apple_network_compartment",
            "state": "ACTIVE",
            "time_created": "2026-07-04 14:40:24.352 +0000 UTC",
            "timeouts": null
          },
          "sensitive_attributes": [],
          "private": "eyJlMmJmYjczMC1lY2FhLTExZTYtOGY4OC0zNDM2M2JjN2M0YzAiOnsiZGVsZXRlIjo1NDAwMDAwMDAwMDAwfX0="
        }
      ]
    },
    {
      "module": "module.service_compartment1",
      "mode": "managed",
      "type": "oci_identity_compartment",
      "name": "App_compartment",
      "provider": "module.service_compartment1.provider[\"registry.terraform.io/hashicorp/oci\"]",
      "instances": [
        {
          "schema_version": 0,
          "attributes": {
            "compartment_id": "ocid1.compartment.oc1..aaaaaaaagmueu64omuweamjz4chtiyordis2fv77at2ywg52hg3mxrqpyjfa",
            "defined_tags": {
              "Oracle-Tags.CreatedBy": "default/murtazaanis17@gmail.com",
              "Oracle-Tags.CreatedOn": "2026-07-04T14:40:24.308Z"
            },
            "description": "This compartment will be used for storage related services",
            "enable_delete": true,
            "freeform_tags": {},
            "id": "ocid1.compartment.oc1..aaaaaaaasvobsbqdyqce3yec5gb3dbp5ij4s4tslf6wmvofvhedigdhlgwvq",
            "inactive_state": null,
            "is_accessible": true,
            "name": "apple_compute_and_storage_compartment",
            "state": "ACTIVE",
            "time_created": "2026-07-04 14:40:24.603 +0000 UTC",
            "timeouts": null
          },
          "sensitive_attributes": [],
          "private": "eyJlMmJmYjczMC1lY2FhLTExZTYtOGY4OC0zNDM2M2JjN2M0YzAiOnsiZGVsZXRlIjo1NDAwMDAwMDAwMDAwfX0="
        }
      ]
    }
  ],
  "check_results": null
}
