{
  "version": 4,
  "terraform_version": "1.5.7",
  "serial": 1,
  "lineage": "0746e5a3-d015-ad05-bd05-bbb0d5d4bdb4",
  "outputs": {},
  "resources": [
    {
      "module": "module.apple_pvtsubnet_sl[\"apple_custom_sl\"]",
      "mode": "managed",
      "type": "oci_core_security_list",
      "name": "spoke_security_list",
      "provider": "provider[\"registry.terraform.io/hashicorp/oci\"]",
      "instances": [
        {
          "schema_version": 0,
          "attributes": {
            "compartment_id": "ocid1.compartment.oc1..aaaaaaaaj4e3h7p6275tepleox454hv7lzidoi3gt5y6e5vcsp6sd6havjfq",
            "defined_tags": {
              "Oracle-Tags.CreatedBy": "default/murtazaanis17@gmail.com",
              "Oracle-Tags.CreatedOn": "2026-07-25T11:27:47.707Z",
              "apple_tag.app_owner": "murtaza",
              "apple_tag.env": "dev"
            },
            "display_name": "apple_pvtsubnet_sl",
            "egress_security_rules": [
              {
                "description": "Allow all outbound traffic",
                "destination": "10.0.0.0/24",
                "destination_type": "CIDR_BLOCK",
                "icmp_options": [],
                "protocol": "all",
                "stateless": false,
                "tcp_options": [],
                "udp_options": []
              }
            ],
            "freeform_tags": {},
            "id": "ocid1.securitylist.oc1.eu-frankfurt-1.aaaaaaaa6f2iade24goxaoecujzlluwx7wt45aeaudaex7fd7ydihuvylveq",
            "ingress_security_rules": [
              {
                "description": "Allow SSH",
                "icmp_options": [],
                "protocol": "6",
                "source": "10.0.0.0/24",
                "source_type": "CIDR_BLOCK",
                "stateless": false,
                "tcp_options": [
                  {
                    "max": 22,
                    "min": 22,
                    "source_port_range": []
                  }
                ],
                "udp_options": []
              }
            ],
            "state": "AVAILABLE",
            "time_created": "2026-07-25 11:27:47.736 +0000 UTC",
            "timeouts": null,
            "vcn_id": "ocid1.vcn.oc1.eu-frankfurt-1.amaaaaaabjoaylqakv3mji7faesclaucd62mn4oilzgvrbfdi4kmhnz7ftbq"
          },
          "sensitive_attributes": [],
          "private": "eyJlMmJmYjczMC1lY2FhLTExZTYtOGY4OC0zNDM2M2JjN2M0YzAiOnsiY3JlYXRlIjoxMjAwMDAwMDAwMDAwLCJkZWxldGUiOjEyMDAwMDAwMDAwMDAsInVwZGF0ZSI6MTIwMDAwMDAwMDAwMH19"
        }
      ]
    }
  ],
  "check_results": null
}
