{
  "version": 4,
  "terraform_version": "1.5.7",
  "serial": 7,
  "lineage": "a0a72504-0a44-fbf4-1395-b6ed03f86fce",
  "outputs": {},
  "resources": [
    {
      "module": "module.apple_spoke_vcn",
      "mode": "managed",
      "type": "oci_core_vcn",
      "name": "generated_oci_core_vcn",
      "provider": "module.apple_spoke_vcn.provider[\"registry.terraform.io/hashicorp/oci\"]",
      "instances": [
        {
          "schema_version": 0,
          "attributes": {
            "byoipv6cidr_blocks": [],
            "byoipv6cidr_details": [],
            "cidr_block": "10.0.1.0/24",
            "cidr_blocks": [
              "10.0.1.0/24"
            ],
            "compartment_id": "ocid1.compartment.oc1..aaaaaaaaj4e3h7p6275tepleox454hv7lzidoi3gt5y6e5vcsp6sd6havjfq",
            "default_dhcp_options_id": "ocid1.dhcpoptions.oc1.eu-frankfurt-1.aaaaaaaazcwskz3m7sjga5bnfmexjorghzuw66ivmajuvklife4udhxocjfq",
            "default_route_table_id": "ocid1.routetable.oc1.eu-frankfurt-1.aaaaaaaaijufuojhoms6u3ig2nayzi673up7pn7oxudr53cyxi3cncjkrghq",
            "default_security_list_id": "ocid1.securitylist.oc1.eu-frankfurt-1.aaaaaaaaw3ihj4vxfhahmgoktv2anu7xm7ouoi7o4oscof6cdhl74zjjqp4q",
            "defined_tags": {
              "Oracle-Tags.CreatedBy": "default/murtazaanis17@gmail.com",
              "Oracle-Tags.CreatedOn": "2026-07-21T09:09:37.974Z",
              "apple_tag.app_owner": "murtaza",
              "apple_tag.env": "dev"
            },
            "display_name": "apple_network",
            "dns_label": "applenetwork",
            "freeform_tags": {},
            "id": "ocid1.vcn.oc1.eu-frankfurt-1.amaaaaaabjoaylqakv3mji7faesclaucd62mn4oilzgvrbfdi4kmhnz7ftbq",
            "ipv6cidr_blocks": [],
            "ipv6private_cidr_blocks": [],
            "is_ipv6enabled": false,
            "is_oracle_gua_allocation_enabled": null,
            "security_attributes": {},
            "state": "AVAILABLE",
            "time_created": "2026-07-21 09:09:38.044 +0000 UTC",
            "timeouts": null,
            "vcn_domain_name": "applenetwork.oraclevcn.com"
          },
          "sensitive_attributes": [],
          "private": "eyJlMmJmYjczMC1lY2FhLTExZTYtOGY4OC0zNDM2M2JjN2M0YzAiOnsiY3JlYXRlIjoxMjAwMDAwMDAwMDAwLCJkZWxldGUiOjEyMDAwMDAwMDAwMDAsInVwZGF0ZSI6MTIwMDAwMDAwMDAwMH19"
        }
      ]
    }
  ],
  "check_results": null
}
