{
  "version": 4,
  "terraform_version": "1.5.7",
  "serial": 1,
  "lineage": "8a76f594-7f01-0166-44d2-3dc3c6f5ec1b",
  "outputs": {},
  "resources": [
    {
      "module": "module.apple_pvtsubnet[\"apple_pvtsub\"]",
      "mode": "managed",
      "type": "oci_core_subnet",
      "name": "private_subnet",
      "provider": "provider[\"registry.terraform.io/hashicorp/oci\"]",
      "instances": [
        {
          "schema_version": 0,
          "attributes": {
            "availability_domain": null,
            "cidr_block": "10.0.1.0/25",
            "compartment_id": "ocid1.compartment.oc1..aaaaaaaaj4e3h7p6275tepleox454hv7lzidoi3gt5y6e5vcsp6sd6havjfq",
            "defined_tags": {
              "Oracle-Tags.CreatedBy": "default/murtazaanis17@gmail.com",
              "Oracle-Tags.CreatedOn": "2026-07-25T14:27:28.277Z",
              "apple_tag.app_owner": "murtaza",
              "apple_tag.env": "dev"
            },
            "dhcp_options_id": "ocid1.dhcpoptions.oc1.eu-frankfurt-1.aaaaaaaazcwskz3m7sjga5bnfmexjorghzuw66ivmajuvklife4udhxocjfq",
            "display_name": "apple_private_subnet",
            "dns_label": null,
            "freeform_tags": {},
            "id": "ocid1.subnet.oc1.eu-frankfurt-1.aaaaaaaag6dn2hgud4af5jpwzx5r7poosf7lsw46ez4356eac3zo3yntlywa",
            "ipv4cidr_blocks": [
              "10.0.1.0/25"
            ],
            "ipv6cidr_block": null,
            "ipv6cidr_blocks": [],
            "ipv6virtual_router_ip": null,
            "prohibit_internet_ingress": true,
            "prohibit_public_ip_on_vnic": true,
            "route_table_id": "ocid1.routetable.oc1.eu-frankfurt-1.aaaaaaaagrjrjqbyxlfjil5cmedgv4wvshsams5jrevuy5tmopklecyokamq",
            "security_list_ids": [
              "ocid1.securitylist.oc1.eu-frankfurt-1.aaaaaaaa6f2iade24goxaoecujzlluwx7wt45aeaudaex7fd7ydihuvylveq"
            ],
            "state": "AVAILABLE",
            "subnet_domain_name": null,
            "time_created": "2026-07-25 14:27:28.322 +0000 UTC",
            "timeouts": null,
            "vcn_id": "ocid1.vcn.oc1.eu-frankfurt-1.amaaaaaabjoaylqakv3mji7faesclaucd62mn4oilzgvrbfdi4kmhnz7ftbq",
            "virtual_router_ip": "10.0.1.1",
            "virtual_router_mac": "00:00:17:83:3B:8F"
          },
          "sensitive_attributes": [],
          "private": "eyJlMmJmYjczMC1lY2FhLTExZTYtOGY4OC0zNDM2M2JjN2M0YzAiOnsiY3JlYXRlIjoxMjAwMDAwMDAwMDAwLCJkZWxldGUiOjEyMDAwMDAwMDAwMDAsInVwZGF0ZSI6MTIwMDAwMDAwMDAwMH19"
        }
      ]
    }
  ],
  "check_results": null
}
